// !$*UTF8*$!
{
	archiveVersion = 1;
	classes = {
	};
	objectVersion = 50;
	objects = {

/* Begin PBXBuildFile section */
		180F9B2522EF493700827A5B /* AppDelegate.swift in Sources */ = {isa = PBXBuildFile; fileRef = 180F9B2422EF493700827A5B /* AppDelegate.swift */; };
		180F9B2A22EF493700827A5B /* Main.storyboard in Resources */ = {isa = PBXBuildFile; fileRef = 180F9B2822EF493700827A5B /* Main.storyboard */; };
		180F9B2D22EF493700827A5B /* viewFinder.xcdatamodeld in Sources */ = {isa = PBXBuildFile; fileRef = 180F9B2B22EF493700827A5B /* viewFinder.xcdatamodeld */; };
		180F9B2F22EF493800827A5B /* Assets.xcassets in Resources */ = {isa = PBXBuildFile; fileRef = 180F9B2E22EF493800827A5B /* Assets.xcassets */; };
		180F9B3222EF493800827A5B /* LaunchScreen.storyboard in Resources */ = {isa = PBXBuildFile; fileRef = 180F9B3022EF493800827A5B /* LaunchScreen.storyboard */; };
		180F9B3D22EF493900827A5B /* viewFinderTests.swift in Sources */ = {isa = PBXBuildFile; fileRef = 180F9B3C22EF493900827A5B /* viewFinderTests.swift */; };
		180F9B4822EF493900827A5B /* viewFinderUITests.swift in Sources */ = {isa = PBXBuildFile; fileRef = 180F9B4722EF493900827A5B /* viewFinderUITests.swift */; };
		180F9B5622EF699700827A5B /* AddPhotoViewController.swift in Sources */ = {isa = PBXBuildFile; fileRef = 180F9B5522EF699700827A5B /* AddPhotoViewController.swift */; };
		18EC11B622EF7DFC005875DB /* PostTableTableViewController.swift in Sources */ = {isa = PBXBuildFile; fileRef = 18EC11B522EF7DFC005875DB /* PostTableTableViewController.swift */; };
/* End PBXBuildFile section */

/* Begin PBXContainerItemProxy section */
		180F9B3922EF493900827A5B /* PBXContainerItemProxy */ = {
			isa = PBXContainerItemProxy;
			containerPortal = 180F9B1922EF493700827A5B /* Project object */;
			proxyType = 1;
			remoteGlobalIDString = 180F9B2022EF493700827A5B;
			remoteInfo = viewFinder;
		};
		180F9B4422EF493900827A5B /* PBXContainerItemProxy */ = {
			isa = PBXContainerItemProxy;
			containerPortal = 180F9B1922EF493700827A5B /* Project object */;
			proxyType = 1;
			remoteGlobalIDString = 180F9B2022EF493700827A5B;
			remoteInfo = viewFinder;
		};
/* End PBXContainerItemProxy section */

/* Begin PBXFileReference section */
		180F9B2122EF493700827A5B /* viewFinder.app */ = {isa = PBXFileReference; explicitFileType = wrapper.application; includeInIndex = 0; path = viewFinder.app; sourceTree = BUILT_PRODUCTS_DIR; };
		180F9B2422EF493700827A5B /* AppDelegate.swift */ = {isa = PBXFileReference; lastKnownFileType = sourcecode.swift; path = AppDelegate.swift; sourceTree = "<group>"; };
		180F9B2922EF493700827A5B /* Base */ = {isa = PBXFileReference; lastKnownFileType = file.storyboard; name = Base; path = Base.lproj/Main.storyboard; sourceTree = "<group>"; };
		180F9B2C22EF493700827A5B /* viewFinder.xcdatamodel */ = {isa = PBXFileReference; lastKnownFileType = wrapper.xcdatamodel; path = viewFinder.xcdatamodel; sourceTree = "<group>"; };
		180F9B2E22EF493800827A5B /* Assets.xcassets */ = {isa = PBXFileReference; lastKnownFileType = folder.assetcatalog; path = Assets.xcassets; sourceTree = "<group>"; };
		180F9B3122EF493800827A5B /* Base */ = {isa = PBXFileReference; lastKnownFileType = file.storyboard; name = Base; path = Base.lproj/LaunchScreen.storyboard; sourceTree = "<group>"; };
		180F9B3322EF493800827A5B /* Info.plist */ = {isa = PBXFileReference; lastKnownFileType = text.plist.xml; path = Info.plist; sourceTree = "<group>"; };
		180F9B3822EF493900827A5B /* viewFinderTests.xctest */ = {isa = PBXFileReference; explicitFileType = wrapper.cfbundle; includeInIndex = 0; path = viewFinderTests.xctest; sourceTree = BUILT_PRODUCTS_DIR; };
		180F9B3C22EF493900827A5B /* viewFinderTests.swift */ = {isa = PBXFileReference; lastKnownFileType = sourcecode.swift; path = viewFinderTests.swift; sourceTree = "<group>"; };
		180F9B3E22EF493900827A5B /* Info.plist */ = {isa = PBXFileReference; lastKnownFileType = text.plist.xml; path = Info.plist; sourceTree = "<group>"; };
		180F9B4322EF493900827A5B /* viewFinderUITests.xctest */ = {isa = PBXFileReference; explicitFileType = wrapper.cfbundle; includeInIndex = 0; path = viewFinderUITests.xctest; sourceTree = BUILT_PRODUCTS_DIR; };
		180F9B4722EF493900827A5B /* viewFinderUITests.swift */ = {isa = PBXFileReference; lastKnownFileType = sourcecode.swift; path = viewFinderUITests.swift; sourceTree = "<group>"; };
		180F9B4922EF493900827A5B /* Info.plist */ = {isa = PBXFileReference; lastKnownFileType = text.plist.xml; path = Info.plist; sourceTree = "<group>"; };
		180F9B5522EF699700827A5B /* AddPhotoViewController.swift */ = {isa = PBXFileReference; lastKnownFileType = sourcecode.swift; path = AddPhotoViewController.swift; sourceTree = SOURCE_ROOT; };
		18EC11B522EF7DFC005875DB /* PostTableTableViewController.swift */ = {isa = PBXFileReference; lastKnownFileType = sourcecode.swift; path = PostTableTableViewController.swift; sourceTree = "<group>"; };
/* End PBXFileReference section */

/* Begin PBXFrameworksBuildPhase section */
		180F9B1E22EF493700827A5B /* Frameworks */ = {
			isa = PBXFrameworksBuildPhase;
			buildActionMask = 2147483647;
			files = (
			);
			runOnlyForDeploymentPostprocessing = 0;
		};
		180F9B3522EF493900827A5B /* Frameworks */ = {
			isa = PBXFrameworksBuildPhase;
			buildActionMask = 2147483647;
			files = (
			);
			runOnlyForDeploymentPostprocessing = 0;
		};
		180F9B4022EF493900827A5B /* Frameworks */ = {
			isa = PBXFrameworksBuildPhase;
			buildActionMask = 2147483647;
			files = (
			);
			runOnlyForDeploymentPostprocessing = 0;
		};
/* End PBXFrameworksBuildPhase section */

/* Begin PBXGroup section */
		180F9B1822EF493700827A5B = {
			isa = PBXGroup;
			children = (
				180F9B2322EF493700827A5B /* viewFinder */,
				180F9B3B22EF493900827A5B /* viewFinderTests */,
				180F9B4622EF493900827A5B /* viewFinderUITests */,
				180F9B2222EF493700827A5B /* Products */,
			);
			sourceTree = "<group>";
		};
		180F9B2222EF493700827A5B /* Products */ = {
			isa = PBXGroup;
			children = (
				180F9B2122EF493700827A5B /* viewFinder.app */,
				180F9B3822EF493900827A5B /* viewFinderTests.xctest */,
				180F9B4322EF493900827A5B /* viewFinderUITests.xctest */,
			);
			name = Products;
			sourceTree = "<group>";
		};
		180F9B2322EF493700827A5B /* viewFinder */ = {
			isa = PBXGroup;
			children = (
				18EC11B522EF7DFC005875DB /* PostTableTableViewController.swift */,
				180F9B2422EF493700827A5B /* AppDelegate.swift */,
				180F9B2822EF493700827A5B /* Main.storyboard */,
				180F9B5522EF699700827A5B /* AddPhotoViewController.swift */,
				180F9B2E22EF493800827A5B /* Assets.xcassets */,
				180F9B3022EF493800827A5B /* LaunchScreen.storyboard */,
				180F9B3322EF493800827A5B /* Info.plist */,
				180F9B2B22EF493700827A5B /* viewFinder.xcdatamodeld */,
			);
			path = viewFinder;
			sourceTree = "<group>";
		};
		180F9B3B22EF493900827A5B /* viewFinderTests */ = {
			isa = PBXGroup;
			children = (
				180F9B3C22EF493900827A5B /* viewFinderTests.swift */,
				180F9B3E22EF493900827A5B /* Info.plist */,
			);
			path = viewFinderTests;
			sourceTree = "<group>";
		};
		180F9B4622EF493900827A5B /* viewFinderUITests */ = {
			isa = PBXGroup;
			children = (
				180F9B4722EF493900827A5B /* viewFinderUITests.swift */,
				180F9B4922EF493900827A5B /* Info.plist */,
			);
			path = viewFinderUITests;
			sourceTree = "<group>";
		};
/* End PBXGroup section */

/* Begin PBXNativeTarget section */
		180F9B2022EF493700827A5B /* viewFinder */ = {
			isa = PBXNativeTarget;
			buildConfigurationList = 180F9B4C22EF493900827A5B /* Build configuration list for PBXNativeTarget "viewFinder" */;
			buildPhases = (
				180F9B1D22EF493700827A5B /* Sources */,
				180F9B1E22EF493700827A5B /* Frameworks */,
				180F9B1F22EF493700827A5B /* Resources */,
			);
			buildRules = (
			);
			dependencies = (
			);
			name = viewFinder;
			productName = viewFinder;
			productReference = 180F9B2122EF493700827A5B /* viewFinder.app */;
			productType = "com.apple.product-type.application";
		};
		180F9B3722EF493900827A5B /* viewFinderTests */ = {
			isa = PBXNativeTarget;
			buildConfigurationList = 180F9B4F22EF493900827A5B /* Build configuration list for PBXNativeTarget "viewFinderTests" */;
			buildPhases = (
				180F9B3422EF493900827A5B /* Sources */,
				180F9B3522EF493900827A5B /* Frameworks */,
				180F9B3622EF493900827A5B /* Resources */,
			);
			buildRules = (
			);
			dependencies = (
				180F9B3A22EF493900827A5B /* PBXTargetDependency */,
			);
			name = viewFinderTests;
			productName = viewFinderTests;
			productReference = 180F9B3822EF493900827A5B /* viewFinderTests.xctest */;
			productType = "com.apple.product-type.bundle.unit-test";
		};
		180F9B4222EF493900827A5B /* viewFinderUITests */ = {
			isa = PBXNativeTarget;
			buildConfigurationList = 180F9B5222EF493900827A5B /* Build configuration list for PBXNativeTarget "viewFinderUITests" */;
			buildPhases = (
				180F9B3F22EF493900827A5B /* Sources */,
				180F9B4022EF493900827A5B /* Frameworks */,
				180F9B4122EF493900827A5B /* Resources */,
			);
			buildRules = (
			);
			dependencies = (
				180F9B4522EF493900827A5B /* PBXTargetDependency */,
			);
			name = viewFinderUITests;
			productName = viewFinderUITests;
			productReference = 180F9B4322EF493900827A5B /* viewFinderUITests.xctest */;
			productType = "com.apple.product-type.bundle.ui-testing";
		};
/* End PBXNativeTarget section */

/* Begin PBXProject section */
		180F9B1922EF493700827A5B /* Project object */ = {
			isa = PBXProject;
			attributes = {
				LastSwiftUpdateCheck = 1020;
				LastUpgradeCheck = 1020;
				ORGANIZATIONNAME = Apple;
				TargetAttributes = {
					180F9B2022EF493700827A5B = {
						CreatedOnToolsVersion = 10.2.1;
					};
					180F9B3722EF493900827A5B = {
						CreatedOnToolsVersion = 10.2.1;
						TestTargetID = 180F9B2022EF493700827A5B;
					};
					180F9B4222EF493900827A5B = {
						CreatedOnToolsVersion = 10.2.1;
						TestTargetID = 180F9B2022EF493700827A5B;
					};
				};
			};
			buildConfigurationList = 180F9B1C22EF493700827A5B /* Build configuration list for PBXProject "viewFinder" */;
			compatibilityVersion = "Xcode 9.3";
			developmentRegion = en;
			hasScannedForEncodings = 0;
			knownRegions = (
				en,
				Base,
			);
			mainGroup = 180F9B1822EF493700827A5B;
			productRefGroup = 180F9B2222EF493700827A5B /* Products */;
			projectDirPath = "";
			projectRoot = "";
			targets = (
				180F9B2022EF493700827A5B /* viewFinder */,
				180F9B3722EF493900827A5B /* viewFinderTests */,
				180F9B4222EF493900827A5B /* viewFinderUITests */,
			);
		};
/* End PBXProject section */

/* Begin PBXResourcesBuildPhase section */
		180F9B1F22EF493700827A5B /* Resources */ = {
			isa = PBXResourcesBuildPhase;
			buildActionMask = 2147483647;
			files = (
				180F9B3222EF493800827A5B /* LaunchScreen.storyboard in Resources */,
				180F9B2F22EF493800827A5B /* Assets.xcassets in Resources */,
				180F9B2A22EF493700827A5B /* Main.storyboard in Resources */,
			);
			runOnlyForDeploymentPostprocessing = 0;
		};
		180F9B3622EF493900827A5B /* Resources */ = {
			isa = PBXResourcesBuildPhase;
			buildActionMask = 2147483647;
			files = (
			);
			runOnlyForDeploymentPostprocessing = 0;
		};
		180F9B4122EF493900827A5B /* Resources */ = {
			isa = PBXResourcesBuildPhase;
			buildActionMask = 2147483647;
			files = (
			);
			runOnlyForDeploymentPostprocessing = 0;
		};
/* End PBXResourcesBuildPhase section */

/* Begin PBXSourcesBuildPhase section */
		180F9B1D22EF493700827A5B /* Sources */ = {
			isa = PBXSourcesBuildPhase;
			buildActionMask = 2147483647;
			files = (
				180F9B2D22EF493700827A5B /* viewFinder.xcdatamodeld in Sources */,
				180F9B5622EF699700827A5B /* AddPhotoViewController.swift in Sources */,
				18EC11B622EF7DFC005875DB /* PostTableTableViewController.swift in Sources */,
				180F9B2522EF493700827A5B /* AppDelegate.swift in Sources */,
			);
			runOnlyForDeploymentPostprocessing = 0;
		};
		180F9B3422EF493900827A5B /* Sources */ = {
			isa = PBXSourcesBuildPhase;
			buildActionMask = 2147483647;
			files = (
				180F9B3D22EF493900827A5B /* viewFinderTests.swift in Sources */,
			);
			runOnlyForDeploymentPostprocessing = 0;
		};
		180F9B3F22EF493900827A5B /* Sources */ = {
			isa = PBXSourcesBuildPhase;
			buildActionMask = 2147483647;
			files = (
				180F9B4822EF493900827A5B /* viewFinderUITests.swift in Sources */,
			);
			runOnlyForDeploymentPostprocessing = 0;
		};
/* End PBXSourcesBuildPhase section */

/* Begin PBXTargetDependency section */
		180F9B3A22EF493900827A5B /* PBXTargetDependency */ = {
			isa = PBXTargetDependency;
			target = 180F9B2022EF493700827A5B /* viewFinder */;
			targetProxy = 180F9B3922EF493900827A5B /* PBXContainerItemProxy */;
		};
		180F9B4522EF493900827A5B /* PBXTargetDependency */ = {
			isa = PBXTargetDependency;
			target = 180F9B2022EF493700827A5B /* viewFinder */;
			targetProxy = 180F9B4422EF493900827A5B /* PBXContainerItemProxy */;
		};
/* End PBXTargetDependency section */

/* Begin PBXVariantGroup section */
		180F9B2822EF493700827A5B /* Main.storyboard */ = {
			isa = PBXVariantGroup;
			children = (
				180F9B2922EF493700827A5B /* Base */,
			);
			name = Main.storyboard;
			sourceTree = "<group>";
		};
		180F9B3022EF493800827A5B /* LaunchScreen.storyboard */ = {
			isa = PBXVariantGroup;
			children = (
				180F9B3122EF493800827A5B /* Base */,
			);
			name = LaunchScreen.storyboard;
			sourceTree = "<group>";
		};
/* End PBXVariantGroup section */

/* Begin XCBuildConfiguration section */
		180F9B4A22EF493900827A5B /* Debug */ = {
			isa = XCBuildConfiguration;
			buildSettings = {
				ALWAYS_SEARCH_USER_PATHS = NO;
				CLANG_ANALYZER_NONNULL = YES;
				CLANG_ANALYZER_NUMBER_OBJECT_CONVERSION = YES_AGGRESSIVE;
				CLANG_CXX_LANGUAGE_STANDARD = "gnu++14";
				CLANG_CXX_LIBRARY = "libc++";
				CLANG_ENABLE_MODULES = YES;
				CLANG_ENABLE_OBJC_ARC = YES;
				CLANG_ENABLE_OBJC_WEAK = YES;
				CLANG_WARN_BLOCK_CAPTURE_AUTORELEASING = YES;
				CLANG_WARN_BOOL_CONVERSION = YES;
				CLANG_WARN_COMMA = YES;
				CLANG_WARN_CONSTANT_CONVERSION = YES;
				CLANG_WARN_DEPRECATED_OBJC_IMPLEMENTATIONS = YES;
				CLANG_WARN_DIRECT_OBJC_ISA_USAGE = YES_ERROR;
				CLANG_WARN_DOCUMENTATION_COMMENTS = YES;
				CLANG_WARN_EMPTY_BODY = YES;
				CLANG_WARN_ENUM_CONVERSION = YES;
				CLANG_WARN_INFINITE_RECURSION = YES;
				CLANG_WARN_INT_CONVERSION = YES;
				CLANG_WARN_NON_LITERAL_NULL_CONVERSION = YES;
				CLANG_WARN_OBJC_IMPLICIT_RETAIN_SELF = YES;
				CLANG_WARN_OBJC_LITERAL_CONVERSION = YES;
				CLANG_WARN_OBJC_ROOT_CLASS = YES_ERROR;
				CLANG_WARN_RANGE_LOOP_ANALYSIS = YES;
				CLANG_WARN_STRICT_PROTOTYPES = YES;
				CLANG_WARN_SUSPICIOUS_MOVE = YES;
				CLANG_WARN_UNGUARDED_AVAILABILITY = YES_AGGRESSIVE;
				CLANG_WARN_UNREACHABLE_CODE = YES;
				CLANG_WARN__DUPLICATE_METHOD_MATCH = YES;
				CODE_SIGN_IDENTITY = "iPhone Developer";
				COPY_PHASE_STRIP = NO;
				DEBUG_INFORMATION_FORMAT = dwarf;
				ENABLE_STRICT_OBJC_MSGSEND = YES;
				ENABLE_TESTABILITY = YES;
				GCC_C_LANGUAGE_STANDARD = gnu11;
				GCC_DYNAMIC_NO_PIC = NO;
				GCC_NO_COMMON_BLOCKS = YES;
				GCC_OPTIMIZATION_LEVEL = 0;
				GCC_PREPROCESSOR_DEFINITIONS = (
					"DEBUG=1",
					"$(inherited)",
				);
				GCC_WARN_64_TO_32_BIT_CONVERSION = YES;
				GCC_WARN_ABOUT_RETURN_TYPE = YES_ERROR;
				GCC_WARN_UNDECLARED_SELECTOR = YES;
				GCC_WARN_UNINITIALIZED_AUTOS = YES_AGGRESSIVE;
				GCC_WARN_UNUSED_FUNCTION = YES;
				GCC_WARN_UNUSED_VARIABLE = YES;
				IPHONEOS_DEPLOYMENT_TARGET = 12.2;
				MTL_ENABLE_DEBUG_INFO = INCLUDE_SOURCE;
				MTL_FAST_MATH = YES;
				ONLY_ACTIVE_ARCH = YES;
				SDKROOT = iphoneos;
				SWIFT_ACTIVE_COMPILATION_CONDITIONS = DEBUG;
				SWIFT_OPTIMIZATION_LEVEL = "-Onone";
			};
			name = Debug;
		};
		180F9B4B22EF493900827A5B /* Release */ = {
			isa = XCBuildConfiguration;
			buildSettings = {
				ALWAYS_SEARCH_USER_PATHS = NO;
				CLANG_ANALYZER_NONNULL = YES;
				CLANG_ANALYZER_NUMBER_OBJECT_CONVERSION = YES_AGGRESSIVE;
				CLANG_CXX_LANGUAGE_STANDARD = "gnu++14";
				CLANG_CXX_LIBRARY = "libc++";
				CLANG_ENABLE_MODULES = YES;
				CLANG_ENABLE_OBJC_ARC = YES;
				CLANG_ENABLE_OBJC_WEAK = YES;
				CLANG_WARN_BLOCK_CAPTURE_AUTORELEASING = YES;
				CLANG_WARN_BOOL_CONVERSION = YES;
				CLANG_WARN_COMMA = YES;
				CLANG_WARN_CONSTANT_CONVERSION = YES;
				CLANG_WARN_DEPRECATED_OBJC_IMPLEMENTATIONS = YES;
				CLANG_WARN_DIRECT_OBJC_ISA_USAGE = YES_ERROR;
				CLANG_WARN_DOCUMENTATION_COMMENTS = YES;
				CLANG_WARN_EMPTY_BODY = YES;
				CLANG_WARN_ENUM_CONVERSION = YES;
				CLANG_WARN_INFINITE_RECURSION = YES;
				CLANG_WARN_INT_CONVERSION = YES;
				CLANG_WARN_NON_LITERAL_NULL_CONVERSION = YES;
				CLANG_WARN_OBJC_IMPLICIT_RETAIN_SELF = YES;
				CLANG_WARN_OBJC_LITERAL_CONVERSION = YES;
				CLANG_WARN_OBJC_ROOT_CLASS = YES_ERROR;
				CLANG_WARN_RANGE_LOOP_ANALYSIS = YES;
				CLANG_WARN_STRICT_PROTOTYPES = YES;
				CLANG_WARN_SUSPICIOUS_MOVE = YES;
				CLANG_WARN_UNGUARDED_AVAILABILITY = YES_AGGRESSIVE;
				CLANG_WARN_UNREACHABLE_CODE = YES;
				CLANG_WARN__DUPLICATE_METHOD_MATCH = YES;
				CODE_SIGN_IDENTITY = "iPhone Developer";
				COPY_PHASE_STRIP = NO;
				DEBUG_INFORMATION_FORMAT = "dwarf-with-dsym";
				ENABLE_NS_ASSERTIONS = NO;
				ENABLE_STRICT_OBJC_MSGSEND = YES;
				GCC_C_LANGUAGE_STANDARD = gnu11;
				GCC_NO_COMMON_BLOCKS = YES;
				GCC_WARN_64_TO_32_BIT_CONVERSION = YES;
				GCC_WARN_ABOUT_RETURN_TYPE = YES_ERROR;
				GCC_WARN_UNDECLARED_SELECTOR = YES;
				GCC_WARN_UNINITIALIZED_AUTOS = YES_AGGRESSIVE;
				GCC_WARN_UNUSED_FUNCTION = YES;
				GCC_WARN_UNUSED_VARIABLE = YES;
				IPHONEOS_DEPLOYMENT_TARGET = 12.2;
				MTL_ENABLE_DEBUG_INFO = NO;
				MTL_FAST_MATH = YES;
				SDKROOT = iphoneos;
				SWIFT_COMPILATION_MODE = wholemodule;
				SWIFT_OPTIMIZATION_LEVEL = "-O";
				VALIDATE_PRODUCT = YES;
			};
			name = Release;
		};
		180F9B4D22EF493900827A5B /* Debug */ = {
			isa = XCBuildConfiguration;
			buildSettings = {
				ASSETCATALOG_COMPILER_APPICON_NAME = AppIcon;
				CODE_SIGN_STYLE = Automatic;
				INFOPLIST_FILE = viewFinder/Info.plist;
				LD_RUNPATH_SEARCH_PATHS = (
					"$(inherited)",
					"@executable_path/Frameworks",
				);
				PRODUCT_BUNDLE_IDENTIFIER = Wero.viewFinder;
				PRODUCT_NAME = "$(TARGET_NAME)";
				SWIFT_VERSION = 5.0;
				TARGETED_DEVICE_FAMILY = "1,2";
			};
			name = Debug;
		};
		180F9B4E22EF493900827A5B /* Release */ = {
			isa = XCBuildConfiguration;
			buildSettings = {
				ASSETCATALOG_COMPILER_APPICON_NAME = AppIcon;
				CODE_SIGN_STYLE = Automatic;
				INFOPLIST_FILE = viewFinder/Info.plist;
				LD_RUNPATH_SEARCH_PATHS = (
					"$(inherited)",
					"@executable_path/Frameworks",
				);
				PRODUCT_BUNDLE_IDENTIFIER = Wero.viewFinder;
				PRODUCT_NAME = "$(TARGET_NAME)";
				SWIFT_VERSION = 5.0;
				TARGETED_DEVICE_FAMILY = "1,2";
			};
			name = Release;
		};
		180F9B5022EF493900827A5B /* Debug */ = {
			isa = XCBuildConfiguration;
			buildSettings = {
				ALWAYS_EMBED_SWIFT_STANDARD_LIBRARIES = YES;
				BUNDLE_LOADER = "$(TEST_HOST)";
				CODE_SIGN_STYLE = Automatic;
				INFOPLIST_FILE = viewFinderTests/Info.plist;
				LD_RUNPATH_SEARCH_PATHS = (
					"$(inherited)",
					"@executable_path/Frameworks",
					"@loader_path/Frameworks",
				);
				PRODUCT_BUNDLE_IDENTIFIER = Wero.viewFinderTests;
				PRODUCT_NAME = "$(TARGET_NAME)";
				SWIFT_VERSION = 5.0;
				TARGETED_DEVICE_FAMILY = "1,2";
				TEST_HOST = "$(BUILT_PRODUCTS_DIR)/viewFinder.app/viewFinder";
			};
			name = Debug;
		};
		180F9B5122EF493900827A5B /* Release */ = {
			isa = XCBuildConfiguration;
			buildSettings = {
				ALWAYS_EMBED_SWIFT_STANDARD_LIBRARIES = YES;
				BUNDLE_LOADER = "$(TEST_HOST)";
				CODE_SIGN_STYLE = Automatic;
				INFOPLIST_FILE = viewFinderTests/Info.plist;
				LD_RUNPATH_SEARCH_PATHS = (
					"$(inherited)",
					"@executable_path/Frameworks",
					"@loader_path/Frameworks",
				);
				PRODUCT_BUNDLE_IDENTIFIER = Wero.viewFinderTests;
				PRODUCT_NAME = "$(TARGET_NAME)";
				SWIFT_VERSION = 5.0;
				TARGETED_DEVICE_FAMILY = "1,2";
				TEST_HOST = "$(BUILT_PRODUCTS_DIR)/viewFinder.app/viewFinder";
			};
			name = Release;
		};
		180F9B5322EF493900827A5B /* Debug */ = {
			isa = XCBuildConfiguration;
			buildSettings = {
				ALWAYS_EMBED_SWIFT_STANDARD_LIBRARIES = YES;
				CODE_SIGN_STYLE = Automatic;
				INFOPLIST_FILE = viewFinderUITests/Info.plist;
				LD_RUNPATH_SEARCH_PATHS = (
					"$(inherited)",
					"@executable_path/Frameworks",
					"@loader_path/Frameworks",
				);
				PRODUCT_BUNDLE_IDENTIFIER = Wero.viewFinderUITests;
				PRODUCT_NAME = "$(TARGET_NAME)";
				SWIFT_VERSION = 5.0;
				TARGETED_DEVICE_FAMILY = "1,2";
				TEST_TARGET_NAME = viewFinder;
			};
			name = Debug;
		};
		180F9B5422EF493900827A5B /* Release */ = {
			isa = XCBuildConfiguration;
			buildSettings = {
				ALWAYS_EMBED_SWIFT_STANDARD_LIBRARIES = YES;
				CODE_SIGN_STYLE = Automatic;
				INFOPLIST_FILE = viewFinderUITests/Info.plist;
				LD_RUNPATH_SEARCH_PATHS = (
					"$(inherited)",
					"@executable_path/Frameworks",
					"@loader_path/Frameworks",
				);
				PRODUCT_BUNDLE_IDENTIFIER = Wero.viewFinderUITests;
				PRODUCT_NAME = "$(TARGET_NAME)";
				SWIFT_VERSION = 5.0;
				TARGETED_DEVICE_FAMILY = "1,2";
				TEST_TARGET_NAME = viewFinder;
			};
			name = Release;
		};
/* End XCBuildConfiguration section */

/* Begin XCConfigurationList section */
		180F9B1C22EF493700827A5B /* Build configuration list for PBXProject "viewFinder" */ = {
			isa = XCConfigurationList;
			buildConfigurations = (
				180F9B4A22EF493900827A5B /* Debug */,
				180F9B4B22EF493900827A5B /* Release */,
			);
			defaultConfigurationIsVisible = 0;
			defaultConfigurationName = Release;
		};
		180F9B4C22EF493900827A5B /* Build configuration list for PBXNativeTarget "viewFinder" */ = {
			isa = XCConfigurationList;
			buildConfigurations = (
				180F9B4D22EF493900827A5B /* Debug */,
				180F9B4E22EF493900827A5B /* Release */,
			);
			defaultConfigurationIsVisible = 0;
			defaultConfigurationName = Release;
		};
		180F9B4F22EF493900827A5B /* Build configuration list for PBXNativeTarget "viewFinderTests" */ = {
			isa = XCConfigurationList;
			buildConfigurations = (
				180F9B5022EF493900827A5B /* Debug */,
				180F9B5122EF493900827A5B /* Release */,
			);
			defaultConfigurationIsVisible = 0;
			defaultConfigurationName = Release;
		};
		180F9B5222EF493900827A5B /* Build configuration list for PBXNativeTarget "viewFinderUITests" */ = {
			isa = XCConfigurationList;
			buildConfigurations = (
				180F9B5322EF493900827A5B /* Debug */,
				180F9B5422EF493900827A5B /* Release */,
			);
			defaultConfigurationIsVisible = 0;
			defaultConfigurationName = Release;
		};
/* End XCConfigurationList section */

/* Begin XCVersionGroup section */
		180F9B2B22EF493700827A5B /* viewFinder.xcdatamodeld */ = {
			isa = XCVersionGroup;
			children = (
				180F9B2C22EF493700827A5B /* viewFinder.xcdatamodel */,
			);
			currentVersion = 180F9B2C22EF493700827A5B /* viewFinder.xcdatamodel */;
			path = viewFinder.xcdatamodeld;
			sourceTree = "<group>";
			versionGroupType = wrapper.xcdatamodel;
		};
/* End XCVersionGroup section */
	};
	rootObject = 180F9B1922EF493700827A5B /* Project object */;
}
